// !$*UTF8*$!
{
	archiveVersion = 1;
	classes = {
	};
	objectVersion = 46;
	objects = {

/* Begin PBXBuildFile section */
		609961D719AF04420022FC88 /* AppDelegate.swift in Sources */ = {isa = PBXBuildFile; fileRef = 609961D619AF04420022FC88 /* AppDelegate.swift */; };
		609961D919AF04420022FC88 /* ViewController.swift in Sources */ = {isa = PBXBuildFile; fileRef = 609961D819AF04420022FC88 /* ViewController.swift */; };
		609961DC19AF04420022FC88 /* Main.storyboard in Resources */ = {isa = PBXBuildFile; fileRef = 609961DA19AF04420022FC88 /* Main.storyboard */; };
		609961DE19AF04420022FC88 /* Images.xcassets in Resources */ = {isa = PBXBuildFile; fileRef = 609961DD19AF04420022FC88 /* Images.xcassets */; };
		609961EA19AF04420022FC88 /* YATC_swiftTests.swift in Sources */ = {isa = PBXBuildFile; fileRef = 609961E919AF04420022FC88 /* YATC_swiftTests.swift */; };
/* End PBXBuildFile section */

/* Begin PBXContainerItemProxy section */
		609961E419AF04420022FC88 /* PBXContainerItemProxy */ = {
			isa = PBXContainerItemProxy;
			containerPortal = 609961C919AF04420022FC88 /* Project object */;
			proxyType = 1;
			remoteGlobalIDString = 609961D019AF04420022FC88;
			remoteInfo = YATC_swift;
		};
/* End PBXContainerItemProxy section */

/* Begin PBXFileReference section */
		609961D119AF04420022FC88 /* YATC_swift.app */ = {isa = PBXFileReference; explicitFileType = wrapper.application; includeInIndex = 0; path = YATC_swift.app; sourceTree = BUILT_PRODUCTS_DIR; };
		609961D519AF04420022FC88 /* Info.plist */ = {isa = PBXFileReference; lastKnownFileType = text.plist.xml; path = Info.plist; sourceTree = "<group>"; };
		609961D619AF04420022FC88 /* AppDelegate.swift */ = {isa = PBXFileReference; lastKnownFileType = sourcecode.swift; path = AppDelegate.swift; sourceTree = "<group>"; };
		609961D819AF04420022FC88 /* ViewController.swift */ = {isa = PBXFileReference; lastKnownFileType = sourcecode.swift; path = ViewController.swift; sourceTree = "<group>"; };
		609961DB19AF04420022FC88 /* Base */ = {isa = PBXFileReference; lastKnownFileType = file.storyboard; name = Base; path = Base.lproj/Main.storyboard; sourceTree = "<group>"; };
		609961DD19AF04420022FC88 /* Images.xcassets */ = {isa = PBXFileReference; lastKnownFileType = folder.assetcatalog; path = Images.xcassets; sourceTree = "<group>"; };
		609961E319AF04420022FC88 /* YATC_swiftTests.xctest */ = {isa = PBXFileReference; explicitFileType = wrapper.cfbundle; includeInIndex = 0; path = YATC_swiftTests.xctest; sourceTree = BUILT_PRODUCTS_DIR; };
		609961E819AF04420022FC88 /* Info.plist */ = {isa = PBXFileReference; lastKnownFileType = text.plist.xml; path = Info.plist; sourceTree = "<group>"; };
		609961E919AF04420022FC88 /* YATC_swiftTests.swift */ = {isa = PBXFileReference; lastKnownFileType = sourcecode.swift; path = YATC_swiftTests.swift; sourceTree = "<group>"; };
/* End PBXFileReference section */

/* Begin PBXFrameworksBuildPhase section */
		609961CE19AF04420022FC88 /* Frameworks */ = {
			isa = PBXFrameworksBuildPhase;
			buildActionMask = 2147483647;
			files = (
			);
			runOnlyForDeploymentPostprocessing = 0;
		};
		609961E019AF04420022FC88 /* Frameworks */ = {
			isa = PBXFrameworksBuildPhase;
			buildActionMask = 2147483647;
			files = (
			);
			runOnlyForDeploymentPostprocessing = 0;
		};
/* End PBXFrameworksBuildPhase section */

/* Begin PBXGroup section */
		609961C819AF04420022FC88 = {
			isa = PBXGroup;
			children = (
				609961D319AF04420022FC88 /* YATC_swift */,
				609961E619AF04420022FC88 /* YATC_swiftTests */,
				609961D219AF04420022FC88 /* Products */,
			);
			sourceTree = "<group>";
		};
		609961D219AF04420022FC88 /* Products */ = {
			isa = PBXGroup;
			children = (
				609961D119AF04420022FC88 /* YATC_swift.app */,
				609961E319AF04420022FC88 /* YATC_swiftTests.xctest */,
			);
			name = Products;
			sourceTree = "<group>";
		};
		609961D319AF04420022FC88 /* YATC_swift */ = {
			isa = PBXGroup;
			children = (
				609961D619AF04420022FC88 /* AppDelegate.swift */,
				609961D819AF04420022FC88 /* ViewController.swift */,
				609961DA19AF04420022FC88 /* Main.storyboard */,
				609961DD19AF04420022FC88 /* Images.xcassets */,
				609961D419AF04420022FC88 /* Supporting Files */,
			);
			path = YATC_swift;
			sourceTree = "<group>";
		};
		609961D419AF04420022FC88 /* Supporting Files */ = {
			isa = PBXGroup;
			children = (
				609961D519AF04420022FC88 /* Info.plist */,
			);
			name = "Supporting Files";
			sourceTree = "<group>";
		};
		609961E619AF04420022FC88 /* YATC_swiftTests */ = {
			isa = PBXGroup;
			children = (
				609961E919AF04420022FC88 /* YATC_swiftTests.swift */,
				609961E719AF04420022FC88 /* Supporting Files */,
			);
			path = YATC_swiftTests;
			sourceTree = "<group>";
		};
		609961E719AF04420022FC88 /* Supporting Files */ = {
			isa = PBXGroup;
			children = (
				609961E819AF04420022FC88 /* Info.plist */,
			);
			name = "Supporting Files";
			sourceTree = "<group>";
		};
/* End PBXGroup section */

/* Begin PBXNativeTarget section */
		609961D019AF04420022FC88 /* YATC_swift */ = {
			isa = PBXNativeTarget;
			buildConfigurationList = 609961ED19AF04420022FC88 /* Build configuration list for PBXNativeTarget "YATC_swift" */;
			buildPhases = (
				609961CD19AF04420022FC88 /* Sources */,
				609961CE19AF04420022FC88 /* Frameworks */,
				609961CF19AF04420022FC88 /* Resources */,
			);
			buildRules = (
			);
			dependencies = (
			);
			name = YATC_swift;
			productName = YATC_swift;
			productReference = 609961D119AF04420022FC88 /* YATC_swift.app */;
			productType = "com.apple.product-type.application";
		};
		609961E219AF04420022FC88 /* YATC_swiftTests */ = {
			isa = PBXNativeTarget;
			buildConfigurationList = 609961F019AF04420022FC88 /* Build configuration list for PBXNativeTarget "YATC_swiftTests" */;
			buildPhases = (
				609961DF19AF04420022FC88 /* Sources */,
				609961E019AF04420022FC88 /* Frameworks */,
				609961E119AF04420022FC88 /* Resources */,
			);
			buildRules = (
			);
			dependencies = (
				609961E519AF04420022FC88 /* PBXTargetDependency */,
			);
			name = YATC_swiftTests;
			productName = YATC_swiftTests;
			productReference = 609961E319AF04420022FC88 /* YATC_swiftTests.xctest */;
			productType = "com.apple.product-type.bundle.unit-test";
		};
/* End PBXNativeTarget section */

/* Begin PBXProject section */
		609961C919AF04420022FC88 /* Project object */ = {
			isa = PBXProject;
			attributes = {
				LastUpgradeCheck = 0600;
				ORGANIZATIONNAME = personal;
				TargetAttributes = {
					609961D019AF04420022FC88 = {
						CreatedOnToolsVersion = 6.0;
					};
					609961E219AF04420022FC88 = {
						CreatedOnToolsVersion = 6.0;
						TestTargetID = 609961D019AF04420022FC88;
					};
				};
			};
			buildConfigurationList = 609961CC19AF04420022FC88 /* Build configuration list for PBXProject "YATC_swift" */;
			compatibilityVersion = "Xcode 3.2";
			developmentRegion = English;
			hasScannedForEncodings = 0;
			knownRegions = (
				en,
				Base,
			);
			mainGroup = 609961C819AF04420022FC88;
			productRefGroup = 609961D219AF04420022FC88 /* Products */;
			projectDirPath = "";
			projectRoot = "";
			targets = (
				609961D019AF04420022FC88 /* YATC_swift */,
				609961E219AF04420022FC88 /* YATC_swiftTests */,
			);
		};
/* End PBXProject section */

/* Begin PBXResourcesBuildPhase section */
		609961CF19AF04420022FC88 /* Resources */ = {
			isa = PBXResourcesBuildPhase;
			buildActionMask = 2147483647;
			files = (
				609961DC19AF04420022FC88 /* Main.storyboard in Resources */,
				609961DE19AF04420022FC88 /* Images.xcassets in Resources */,
			);
			runOnlyForDeploymentPostprocessing = 0;
		};
		609961E119AF04420022FC88 /* Resources */ = {
			isa = PBXResourcesBuildPhase;
			buildActionMask = 2147483647;
			files = (
			);
			runOnlyForDeploymentPostprocessing = 0;
		};
/* End PBXResourcesBuildPhase section */

/* Begin PBXSourcesBuildPhase section */
		609961CD19AF04420022FC88 /* Sources */ = {
			isa = PBXSourcesBuildPhase;
			buildActionMask = 2147483647;
			files = (
				609961D919AF04420022FC88 /* ViewController.swift in Sources */,
				609961D719AF04420022FC88 /* AppDelegate.swift in Sources */,
			);
			runOnlyForDeploymentPostprocessing = 0;
		};
		609961DF19AF04420022FC88 /* Sources */ = {
			isa = PBXSourcesBuildPhase;
			buildActionMask = 2147483647;
			files = (
				609961EA19AF04420022FC88 /* YATC_swiftTests.swift in Sources */,
			);
			runOnlyForDeploymentPostprocessing = 0;
		};
/* End PBXSourcesBuildPhase section */

/* Begin PBXTargetDependency section */
		609961E519AF04420022FC88 /* PBXTargetDependency */ = {
			isa = PBXTargetDependency;
			target = 609961D019AF04420022FC88 /* YATC_swift */;
			targetProxy = 609961E419AF04420022FC88 /* PBXContainerItemProxy */;
		};
/* End PBXTargetDependency section */

/* Begin PBXVariantGroup section */
		609961DA19AF04420022FC88 /* Main.storyboard */ = {
			isa = PBXVariantGroup;
			children = (
				609961DB19AF04420022FC88 /* Base */,
			);
			name = Main.storyboard;
			sourceTree = "<group>";
		};
/* End PBXVariantGroup section */

/* Begin XCBuildConfiguration section */
		609961EB19AF04420022FC88 /* Debug */ = {
			isa = XCBuildConfiguration;
			buildSettings = {
				ALWAYS_SEARCH_USER_PATHS = NO;
				CLANG_CXX_LANGUAGE_STANDARD = "gnu++0x";
				CLANG_CXX_LIBRARY = "libc++";
				CLANG_ENABLE_MODULES = YES;
				CLANG_ENABLE_OBJC_ARC = YES;
				CLANG_WARN_BOOL_CONVERSION = YES;
				CLANG_WARN_CONSTANT_CONVERSION = YES;
				CLANG_WARN_DIRECT_OBJC_ISA_USAGE = YES_ERROR;
				CLANG_WARN_EMPTY_BODY = YES;
				CLANG_WARN_ENUM_CONVERSION = YES;
				CLANG_WARN_INT_CONVERSION = YES;
				CLANG_WARN_OBJC_ROOT_CLASS = YES_ERROR;
				CLANG_WARN_UNREACHABLE_CODE = YES;
				CLANG_WARN__DUPLICATE_METHOD_MATCH = YES;
				"CODE_SIGN_IDENTITY[sdk=iphoneos*]" = "iPhone Developer";
				COPY_PHASE_STRIP = NO;
				ENABLE_STRICT_OBJC_MSGSEND = YES;
				GCC_C_LANGUAGE_STANDARD = gnu99;
				GCC_DYNAMIC_NO_PIC = NO;
				GCC_OPTIMIZATION_LEVEL = 0;
				GCC_PREPROCESSOR_DEFINITIONS = (
					"DEBUG=1",
					"$(inherited)",
				);
				GCC_SYMBOLS_PRIVATE_EXTERN = NO;
				GCC_WARN_64_TO_32_BIT_CONVERSION = YES;
				GCC_WARN_ABOUT_RETURN_TYPE = YES_ERROR;
				GCC_WARN_UNDECLARED_SELECTOR = YES;
				GCC_WARN_UNINITIALIZED_AUTOS = YES_AGGRESSIVE;
				GCC_WARN_UNUSED_FUNCTION = YES;
				GCC_WARN_UNUSED_VARIABLE = YES;
				IPHONEOS_DEPLOYMENT_TARGET = 8.0;
				MTL_ENABLE_DEBUG_INFO = YES;
				ONLY_ACTIVE_ARCH = YES;
				SDKROOT = iphoneos;
				SWIFT_OPTIMIZATION_LEVEL = "-Onone";
			};
			name = Debug;
		};
		609961EC19AF04420022FC88 /* Release */ = {
			isa = XCBuildConfiguration;
			buildSettings = {
				ALWAYS_SEARCH_USER_PATHS = NO;
				CLANG_CXX_LANGUAGE_STANDARD = "gnu++0x";
				CLANG_CXX_LIBRARY = "libc++";
				CLANG_ENABLE_MODULES = YES;
				CLANG_ENABLE_OBJC_ARC = YES;
				CLANG_WARN_BOOL_CONVERSION = YES;
				CLANG_WARN_CONSTANT_CONVERSION = YES;
				CLANG_WARN_DIRECT_OBJC_ISA_USAGE = YES_ERROR;
				CLANG_WARN_EMPTY_BODY = YES;
				CLANG_WARN_ENUM_CONVERSION = YES;
				CLANG_WARN_INT_CONVERSION = YES;
				CLANG_WARN_OBJC_ROOT_CLASS = YES_ERROR;
				CLANG_WARN_UNREACHABLE_CODE = YES;
				CLANG_WARN__DUPLICATE_METHOD_MATCH = YES;
				"CODE_SIGN_IDENTITY[sdk=iphoneos*]" = "iPhone Developer";
				COPY_PHASE_STRIP = YES;
				ENABLE_NS_ASSERTIONS = NO;
				ENABLE_STRICT_OBJC_MSGSEND = YES;
				GCC_C_LANGUAGE_STANDARD = gnu99;
				GCC_WARN_64_TO_32_BIT_CONVERSION = YES;
				GCC_WARN_ABOUT_RETURN_TYPE = YES_ERROR;
				GCC_WARN_UNDECLARED_SELECTOR = YES;
				GCC_WARN_UNINITIALIZED_AUTOS = YES_AGGRESSIVE;
				GCC_WARN_UNUSED_FUNCTION = YES;
				GCC_WARN_UNUSED_VARIABLE = YES;
				IPHONEOS_DEPLOYMENT_TARGET = 8.0;
				MTL_ENABLE_DEBUG_INFO = NO;
				SDKROOT = iphoneos;
				VALIDATE_PRODUCT = YES;
			};
			name = Release;
		};
		609961EE19AF04420022FC88 /* Debug */ = {
			isa = XCBuildConfiguration;
			buildSettings = {
				ASSETCATALOG_COMPILER_APPICON_NAME = AppIcon;
				ASSETCATALOG_COMPILER_LAUNCHIMAGE_NAME = LaunchImage;
				INFOPLIST_FILE = YATC_swift/Info.plist;
				LD_RUNPATH_SEARCH_PATHS = "$(inherited) @executable_path/Frameworks";
				PRODUCT_NAME = "$(TARGET_NAME)";
			};
			name = Debug;
		};
		609961EF19AF04420022FC88 /* Release */ = {
			isa = XCBuildConfiguration;
			buildSettings = {
				ASSETCATALOG_COMPILER_APPICON_NAME = AppIcon;
				ASSETCATALOG_COMPILER_LAUNCHIMAGE_NAME = LaunchImage;
				INFOPLIST_FILE = YATC_swift/Info.plist;
				LD_RUNPATH_SEARCH_PATHS = "$(inherited) @executable_path/Frameworks";
				PRODUCT_NAME = "$(TARGET_NAME)";
			};
			name = Release;
		};
		609961F119AF04420022FC88 /* Debug */ = {
			isa = XCBuildConfiguration;
			buildSettings = {
				BUNDLE_LOADER = "$(BUILT_PRODUCTS_DIR)/YATC_swift.app/YATC_swift";
				FRAMEWORK_SEARCH_PATHS = (
					"$(SDKROOT)/Developer/Library/Frameworks",
					"$(inherited)",
				);
				GCC_PREPROCESSOR_DEFINITIONS = (
					"DEBUG=1",
					"$(inherited)",
				);
				INFOPLIST_FILE = YATC_swiftTests/Info.plist;
				LD_RUNPATH_SEARCH_PATHS = "$(inherited) @executable_path/Frameworks @loader_path/Frameworks";
				PRODUCT_NAME = "$(TARGET_NAME)";
				TEST_HOST = "$(BUNDLE_LOADER)";
			};
			name = Debug;
		};
		609961F219AF04420022FC88 /* Release */ = {
			isa = XCBuildConfiguration;
			buildSettings = {
				BUNDLE_LOADER = "$(BUILT_PRODUCTS_DIR)/YATC_swift.app/YATC_swift";
				FRAMEWORK_SEARCH_PATHS = (
					"$(SDKROOT)/Developer/Library/Frameworks",
					"$(inherited)",
				);
				INFOPLIST_FILE = YATC_swiftTests/Info.plist;
				LD_RUNPATH_SEARCH_PATHS = "$(inherited) @executable_path/Frameworks @loader_path/Frameworks";
				PRODUCT_NAME = "$(TARGET_NAME)";
				TEST_HOST = "$(BUNDLE_LOADER)";
			};
			name = Release;
		};
/* End XCBuildConfiguration section */

/* Begin XCConfigurationList section */
		609961CC19AF04420022FC88 /* Build configuration list for PBXProject "YATC_swift" */ = {
			isa = XCConfigurationList;
			buildConfigurations = (
				609961EB19AF04420022FC88 /* Debug */,
				609961EC19AF04420022FC88 /* Release */,
			);
			defaultConfigurationIsVisible = 0;
			defaultConfigurationName = Release;
		};
		609961ED19AF04420022FC88 /* Build configuration list for PBXNativeTarget "YATC_swift" */ = {
			isa = XCConfigurationList;
			buildConfigurations = (
				609961EE19AF04420022FC88 /* Debug */,
				609961EF19AF04420022FC88 /* Release */,
			);
			defaultConfigurationIsVisible = 0;
		};
		609961F019AF04420022FC88 /* Build configuration list for PBXNativeTarget "YATC_swiftTests" */ = {
			isa = XCConfigurationList;
			buildConfigurations = (
				609961F119AF04420022FC88 /* Debug */,
				609961F219AF04420022FC88 /* Release */,
			);
			defaultConfigurationIsVisible = 0;
		};
/* End XCConfigurationList section */
	};
	rootObject = 609961C919AF04420022FC88 /* Project object */;
}
